{
  "name": "natural_test",
  "version": "1.0.0",
  "lockfileVersion": 1,
  "requires": true,
  "dependencies": {
    "compromise": {
      "version": "13.1.1",
      "resolved": "https://registry.npmjs.org/compromise/-/compromise-13.1.1.tgz",
      "integrity": "sha512-z54eBM+qbLS2/i/lYwCqDSkUMRXP0QZWW7XsffIiWGZpJPteTRr8laAEXoa4DQM5it5tGpE08cqRa8yZKYTcUw==",
      "dev": true,
      "requires": {
        "efrt-unpack": "2.2.0"
      }
    },
    "compromise-numbers": {
      "version": "0.0.5",
      "resolved": "https://registry.npmjs.org/compromise-numbers/-/compromise-numbers-0.0.5.tgz",
      "integrity": "sha512-6gkccwSbVQDINjxMZ7Q+0w+Cw9mhARLUUKdRoJiT9uwvHtcqr0TvBAuj7cwnt3Y+6jp0O9B6+ZI0NAauf5FcXg==",
      "dev": true
    },
    "efrt-unpack": {
      "version": "2.2.0",
      "resolved": "https://registry.npmjs.org/efrt-unpack/-/efrt-unpack-2.2.0.tgz",
      "integrity": "sha512-9xUSSj7qcUxz+0r4X3+bwUNttEfGfK5AH+LVa1aTpqdAfrN5VhROYCfcF+up4hp5OL7IUKcZJJrzAGipQRDoiQ==",
      "dev": true
    }
  }
}
